// !$*UTF8*$!
{
	archiveVersion = 1;
	classes = {
	};
	objectVersion = 46;
	objects = {

/* Begin PBXBuildFile section */
		D16A86F91D33EF54006B9618 /* AppDelegate.swift in Sources */ = {isa = PBXBuildFile; fileRef = D16A86F81D33EF54006B9618 /* AppDelegate.swift */; };
		D16A86FB1D33EF54006B9618 /* ViewController.swift in Sources */ = {isa = PBXBuildFile; fileRef = D16A86FA1D33EF54006B9618 /* ViewController.swift */; };
		D16A86FE1D33EF54006B9618 /* Main.storyboard in Resources */ = {isa = PBXBuildFile; fileRef = D16A86FC1D33EF54006B9618 /* Main.storyboard */; };
		D16A87001D33EF54006B9618 /* Assets.xcassets in Resources */ = {isa = PBXBuildFile; fileRef = D16A86FF1D33EF54006B9618 /* Assets.xcassets */; };
		D16A87031D33EF54006B9618 /* LaunchScreen.storyboard in Resources */ = {isa = PBXBuildFile; fileRef = D16A87011D33EF54006B9618 /* LaunchScreen.storyboard */; };
/* End PBXBuildFile section */

/* Begin PBXFileReference section */
		D16A86F51D33EF54006B9618 /* AppLaunchTimeSource.app */ = {isa = PBXFileReference; explicitFileType = wrapper.application; includeInIndex = 0; path = AppLaunchTimeSource.app; sourceTree = BUILT_PRODUCTS_DIR; };
		D16A86F81D33EF54006B9618 /* AppDelegate.swift */ = {isa = PBXFileReference; lastKnownFileType = sourcecode.swift; path = AppDelegate.swift; sourceTree = "<group>"; };
		D16A86FA1D33EF54006B9618 /* ViewController.swift */ = {isa = PBXFileReference; lastKnownFileType = sourcecode.swift; path = ViewController.swift; sourceTree = "<group>"; };
		D16A86FD1D33EF54006B9618 /* Base */ = {isa = PBXFileReference; lastKnownFileType = file.storyboard; name = Base; path = Base.lproj/Main.storyboard; sourceTree = "<group>"; };
		D16A86FF1D33EF54006B9618 /* Assets.xcassets */ = {isa = PBXFileReference; lastKnownFileType = folder.assetcatalog; path = Assets.xcassets; sourceTree = "<group>"; };
		D16A87021D33EF54006B9618 /* Base */ = {isa = PBXFileReference; lastKnownFileType = file.storyboard; name = Base; path = Base.lproj/LaunchScreen.storyboard; sourceTree = "<group>"; };
		D16A87041D33EF54006B9618 /* Info.plist */ = {isa = PBXFileReference; lastKnownFileType = text.plist.xml; path = Info.plist; sourceTree = "<group>"; };
/* End PBXFileReference section */

/* Begin PBXFrameworksBuildPhase section */
		D16A86F21D33EF54006B9618 /* Frameworks */ = {
			isa = PBXFrameworksBuildPhase;
			buildActionMask = 2147483647;
			files = (
			);
			runOnlyForDeploymentPostprocessing = 0;
		};
/* End PBXFrameworksBuildPhase section */

/* Begin PBXGroup section */
		D16A86EC1D33EF54006B9618 = {
			isa = PBXGroup;
			children = (
				D16A86F71D33EF54006B9618 /* AppLaunchTimeSource */,
				D16A86F61D33EF54006B9618 /* Products */,
			);
			sourceTree = "<group>";
		};
		D16A86F61D33EF54006B9618 /* Products */ = {
			isa = PBXGroup;
			children = (
				D16A86F51D33EF54006B9618 /* AppLaunchTimeSource.app */,
			);
			name = Products;
			sourceTree = "<group>";
		};
		D16A86F71D33EF54006B9618 /* AppLaunchTimeSource */ = {
			isa = PBXGroup;
			children = (
				D16A86F81D33EF54006B9618 /* AppDelegate.swift */,
				D16A86FA1D33EF54006B9618 /* ViewController.swift */,
				D16A86FC1D33EF54006B9618 /* Main.storyboard */,
				D16A86FF1D33EF54006B9618 /* Assets.xcassets */,
				D16A87011D33EF54006B9618 /* LaunchScreen.storyboard */,
				D16A87041D33EF54006B9618 /* Info.plist */,
			);
			path = AppLaunchTimeSource;
			sourceTree = "<group>";
		};
/* End PBXGroup section */

/* Begin PBXNativeTarget section */
		D16A86F41D33EF54006B9618 /* AppLaunchTimeSource */ = {
			isa = PBXNativeTarget;
			buildConfigurationList = D16A87071D33EF54006B9618 /* Build configuration list for PBXNativeTarget "AppLaunchTimeSource" */;
			buildPhases = (
				D16A86F11D33EF54006B9618 /* Sources */,
				D16A86F21D33EF54006B9618 /* Frameworks */,
				D16A86F31D33EF54006B9618 /* Resources */,
			);
			buildRules = (
			);
			dependencies = (
			);
			name = AppLaunchTimeSource;
			productName = AppLaunchTimeSource;
			productReference = D16A86F51D33EF54006B9618 /* AppLaunchTimeSource.app */;
			productType = "com.apple.product-type.application";
		};
/* End PBXNativeTarget section */

/* Begin PBXProject section */
		D16A86ED1D33EF54006B9618 /* Project object */ = {
			isa = PBXProject;
			attributes = {
				LastSwiftUpdateCheck = 0730;
				LastUpgradeCheck = 0730;
				ORGANIZATIONNAME = "STAY REAL LIMITED";
				TargetAttributes = {
					D16A86F41D33EF54006B9618 = {
						CreatedOnToolsVersion = 7.3.1;
					};
				};
			};
			buildConfigurationList = D16A86F01D33EF54006B9618 /* Build configuration list for PBXProject "AppLaunchTimeSource" */;
			compatibilityVersion = "Xcode 3.2";
			developmentRegion = English;
			hasScannedForEncodings = 0;
			knownRegions = (
				en,
				Base,
			);
			mainGroup = D16A86EC1D33EF54006B9618;
			productRefGroup = D16A86F61D33EF54006B9618 /* Products */;
			projectDirPath = "";
			projectRoot = "";
			targets = (
				D16A86F41D33EF54006B9618 /* AppLaunchTimeSource */,
			);
		};
/* End PBXProject section */

/* Begin PBXResourcesBuildPhase section */
		D16A86F31D33EF54006B9618 /* Resources */ = {
			isa = PBXResourcesBuildPhase;
			buildActionMask = 2147483647;
			files = (
				D16A87031D33EF54006B9618 /* LaunchScreen.storyboard in Resources */,
				D16A87001D33EF54006B9618 /* Assets.xcassets in Resources */,
				D16A86FE1D33EF54006B9618 /* Main.storyboard in Resources */,
			);
			runOnlyForDeploymentPostprocessing = 0;
		};
/* End PBXResourcesBuildPhase section */

/* Begin PBXSourcesBuildPhase section */
		D16A86F11D33EF54006B9618 /* Sources */ = {
			isa = PBXSourcesBuildPhase;
			buildActionMask = 2147483647;
			files = (
				D16A86FB1D33EF54006B9618 /* ViewController.swift in Sources */,
				D16A86F91D33EF54006B9618 /* AppDelegate.swift in Sources */,
			);
			runOnlyForDeploymentPostprocessing = 0;
		};
/* End PBXSourcesBuildPhase section */

/* Begin PBXVariantGroup section */
		D16A86FC1D33EF54006B9618 /* Main.storyboard */ = {
			isa = PBXVariantGroup;
			children = (
				D16A86FD1D33EF54006B9618 /* Base */,
			);
			name = Main.storyboard;
			sourceTree = "<group>";
		};
		D16A87011D33EF54006B9618 /* LaunchScreen.storyboard */ = {
			isa = PBXVariantGroup;
			children = (
				D16A87021D33EF54006B9618 /* Base */,
			);
			name = LaunchScreen.storyboard;
			sourceTree = "<group>";
		};
/* End PBXVariantGroup section */

/* Begin XCBuildConfiguration section */
		D16A87051D33EF54006B9618 /* Debug */ = {
			isa = XCBuildConfiguration;
			buildSettings = {
				ALWAYS_SEARCH_USER_PATHS = NO;
				CLANG_ANALYZER_NONNULL = YES;
				CLANG_CXX_LANGUAGE_STANDARD = "gnu++0x";
				CLANG_CXX_LIBRARY = "libc++";
				CLANG_ENABLE_MODULES = YES;
				CLANG_ENABLE_OBJC_ARC = YES;
				CLANG_WARN_BOOL_CONVERSION = YES;
				CLANG_WARN_CONSTANT_CONVERSION = YES;
				CLANG_WARN_DIRECT_OBJC_ISA_USAGE = YES_ERROR;
				CLANG_WARN_EMPTY_BODY = YES;
				CLANG_WARN_ENUM_CONVERSION = YES;
				CLANG_WARN_INT_CONVERSION = YES;
				CLANG_WARN_OBJC_ROOT_CLASS = YES_ERROR;
				CLANG_WARN_UNREACHABLE_CODE = YES;
				CLANG_WARN__DUPLICATE_METHOD_MATCH = YES;
				"CODE_SIGN_IDENTITY[sdk=iphoneos*]" = "iPhone Developer";
				COPY_PHASE_STRIP = NO;
				DEBUG_INFORMATION_FORMAT = dwarf;
				ENABLE_STRICT_OBJC_MSGSEND = YES;
				ENABLE_TESTABILITY = YES;
				GCC_C_LANGUAGE_STANDARD = gnu99;
				GCC_DYNAMIC_NO_PIC = NO;
				GCC_NO_COMMON_BLOCKS = YES;
				GCC_OPTIMIZATION_LEVEL = 0;
				GCC_PREPROCESSOR_DEFINITIONS = (
					"DEBUG=1",
					"$(inherited)",
				);
				GCC_WARN_64_TO_32_BIT_CONVERSION = YES;
				GCC_WARN_ABOUT_RETURN_TYPE = YES_ERROR;
				GCC_WARN_UNDECLARED_SELECTOR = YES;
				GCC_WARN_UNINITIALIZED_AUTOS = YES_AGGRESSIVE;
				GCC_WARN_UNUSED_FUNCTION = YES;
				GCC_WARN_UNUSED_VARIABLE = YES;
				IPHONEOS_DEPLOYMENT_TARGET = 9.3;
				MTL_ENABLE_DEBUG_INFO = YES;
				ONLY_ACTIVE_ARCH = YES;
				SDKROOT = iphoneos;
				SWIFT_OPTIMIZATION_LEVEL = "-Onone";
			};
			name = Debug;
		};
		D16A87061D33EF54006B9618 /* Release */ = {
			isa = XCBuildConfiguration;
			buildSettings = {
				ALWAYS_SEARCH_USER_PATHS = NO;
				CLANG_ANALYZER_NONNULL = YES;
				CLANG_CXX_LANGUAGE_STANDARD = "gnu++0x";
				CLANG_CXX_LIBRARY = "libc++";
				CLANG_ENABLE_MODULES = YES;
				CLANG_ENABLE_OBJC_ARC = YES;
				CLANG_WARN_BOOL_CONVERSION = YES;
				CLANG_WARN_CONSTANT_CONVERSION = YES;
				CLANG_WARN_DIRECT_OBJC_ISA_USAGE = YES_ERROR;
				CLANG_WARN_EMPTY_BODY = YES;
				CLANG_WARN_ENUM_CONVERSION = YES;
				CLANG_WARN_INT_CONVERSION = YES;
				CLANG_WARN_OBJC_ROOT_CLASS = YES_ERROR;
				CLANG_WARN_UNREACHABLE_CODE = YES;
				CLANG_WARN__DUPLICATE_METHOD_MATCH = YES;
				"CODE_SIGN_IDENTITY[sdk=iphoneos*]" = "iPhone Developer";
				COPY_PHASE_STRIP = NO;
				DEBUG_INFORMATION_FORMAT = "dwarf-with-dsym";
				ENABLE_NS_ASSERTIONS = NO;
				ENABLE_STRICT_OBJC_MSGSEND = YES;
				GCC_C_LANGUAGE_STANDARD = gnu99;
				GCC_NO_COMMON_BLOCKS = YES;
				GCC_WARN_64_TO_32_BIT_CONVERSION = YES;
				GCC_WARN_ABOUT_RETURN_TYPE = YES_ERROR;
				GCC_WARN_UNDECLARED_SELECTOR = YES;
				GCC_WARN_UNINITIALIZED_AUTOS = YES_AGGRESSIVE;
				GCC_WARN_UNUSED_FUNCTION = YES;
				GCC_WARN_UNUSED_VARIABLE = YES;
				IPHONEOS_DEPLOYMENT_TARGET = 9.3;
				MTL_ENABLE_DEBUG_INFO = NO;
				SDKROOT = iphoneos;
				VALIDATE_PRODUCT = YES;
			};
			name = Release;
		};
		D16A87081D33EF54006B9618 /* Debug */ = {
			isa = XCBuildConfiguration;
			buildSettings = {
				ASSETCATALOG_COMPILER_APPICON_NAME = AppIcon;
				INFOPLIST_FILE = AppLaunchTimeSource/Info.plist;
				LD_RUNPATH_SEARCH_PATHS = "$(inherited) @executable_path/Frameworks";
				PRODUCT_BUNDLE_IDENTIFIER = com.stayrealhk.AppLaunchTimeSource;
				PRODUCT_NAME = "$(TARGET_NAME)";
			};
			name = Debug;
		};
		D16A87091D33EF54006B9618 /* Release */ = {
			isa = XCBuildConfiguration;
			buildSettings = {
				ASSETCATALOG_COMPILER_APPICON_NAME = AppIcon;
				INFOPLIST_FILE = AppLaunchTimeSource/Info.plist;
				LD_RUNPATH_SEARCH_PATHS = "$(inherited) @executable_path/Frameworks";
				PRODUCT_BUNDLE_IDENTIFIER = com.stayrealhk.AppLaunchTimeSource;
				PRODUCT_NAME = "$(TARGET_NAME)";
			};
			name = Release;
		};
/* End XCBuildConfiguration section */

/* Begin XCConfigurationList section */
		D16A86F01D33EF54006B9618 /* Build configuration list for PBXProject "AppLaunchTimeSource" */ = {
			isa = XCConfigurationList;
			buildConfigurations = (
				D16A87051D33EF54006B9618 /* Debug */,
				D16A87061D33EF54006B9618 /* Release */,
			);
			defaultConfigurationIsVisible = 0;
			defaultConfigurationName = Release;
		};
		D16A87071D33EF54006B9618 /* Build configuration list for PBXNativeTarget "AppLaunchTimeSource" */ = {
			isa = XCConfigurationList;
			buildConfigurations = (
				D16A87081D33EF54006B9618 /* Debug */,
				D16A87091D33EF54006B9618 /* Release */,
			);
			defaultConfigurationIsVisible = 0;
		};
/* End XCConfigurationList section */
	};
	rootObject = D16A86ED1D33EF54006B9618 /* Project object */;
}
